{
  "version": 4,
  "terraform_version": "1.13.0",
  "serial": 82,
  "lineage": "074be13a-a3d9-c34e-57a8-017f6629fffe",
  "outputs": {},
  "resources": [
    {
      "mode": "managed",
      "type": "yandex_alb_backend_group",
      "name": "bg",
      "provider": "provider[\"registry.terraform.io/yandex-cloud/yandex\"]",
      "instances": [
        {
          "schema_version": 0,
          "attributes": {
            "created_at": "2026-01-19T08:35:36Z",
            "description": "",
            "folder_id": "b1gopk3po7dltoo59prl",
            "grpc_backend": [],
            "http_backend": [
              {
                "healthcheck": [
                  {
                    "grpc_healthcheck": [],
                    "healthcheck_port": 0,
                    "healthy_threshold": 0,
                    "http_healthcheck": [
                      {
                        "expected_statuses": [],
                        "host": "",
                        "http2": false,
                        "path": "/"
                      }
                    ],
                    "interval": "10s",
                    "interval_jitter_percent": 0,
                    "stream_healthcheck": [],
                    "timeout": "5s",
                    "unhealthy_threshold": 0
                  }
                ],
                "http2": false,
                "load_balancing_config": [],
                "name": "http-backend",
                "port": 80,
                "storage_bucket": "",
                "target_group_ids": [
                  "ds7nl4luc2vh8rcrmr9t"
                ],
                "tls": [],
                "weight": 1
              }
            ],
            "id": "ds7tv9eenfsu41p1nt0v",
            "labels": {},
            "name": "web-backend-group",
            "session_affinity": [],
            "stream_backend": [],
            "timeouts": null
          },
          "sensitive_attributes": [],
          "identity_schema_version": 0,
          "private": "eyJlMmJmYjczMC1lY2FhLTExZTYtOGY4OC0zNDM2M2JjN2M0YzAiOnsiY3JlYXRlIjozMDAwMDAwMDAwMDAsImRlbGV0ZSI6MzAwMDAwMDAwMDAwLCJ1cGRhdGUiOjMwMDAwMDAwMDAwMH19",
          "dependencies": [
            "yandex_alb_target_group.tg",
            "yandex_compute_instance.web_a",
            "yandex_compute_instance.web_b",
            "yandex_vpc_gateway.nat_gateway",
            "yandex_vpc_network.net",
            "yandex_vpc_route_table.nat_rt",
            "yandex_vpc_subnet.subnet_a",
            "yandex_vpc_subnet.subnet_b"
          ]
        }
      ]
    },
    {
      "mode": "managed",
      "type": "yandex_alb_http_router",
      "name": "router",
      "provider": "provider[\"registry.terraform.io/yandex-cloud/yandex\"]",
      "instances": [
        {
          "schema_version": 0,
          "attributes": {
            "created_at": "2026-01-19T08:31:01Z",
            "description": "",
            "folder_id": "b1gopk3po7dltoo59prl",
            "id": "ds7kfd7id51utbjsc89q",
            "labels": {},
            "name": "http-router",
            "route_options": [],
            "timeouts": null
          },
          "sensitive_attributes": [],
          "identity_schema_version": 0,
          "private": "eyJlMmJmYjczMC1lY2FhLTExZTYtOGY4OC0zNDM2M2JjN2M0YzAiOnsiY3JlYXRlIjozMDAwMDAwMDAwMDAsImRlbGV0ZSI6MzAwMDAwMDAwMDAwLCJ1cGRhdGUiOjMwMDAwMDAwMDAwMH19"
        }
      ]
    },
    {
      "mode": "managed",
      "type": "yandex_alb_load_balancer",
      "name": "alb",
      "provider": "provider[\"registry.terraform.io/yandex-cloud/yandex\"]",
      "instances": [
        {
          "schema_version": 0,
          "attributes": {
            "allocation_policy": [
              {
                "location": [
                  {
                    "disable_traffic": false,
                    "subnet_id": "e9bbemoi556t1df0d74u",
                    "zone_id": "ru-central1-a"
                  }
                ]
              }
            ],
            "allow_zonal_shift": false,
            "auto_scale_policy": [],
            "created_at": "2026-01-19T08:31:06Z",
            "description": "",
            "folder_id": "b1gopk3po7dltoo59prl",
            "id": "ds7fjb3otleca11a8p9a",
            "labels": {},
            "listener": [
              {
                "endpoint": [
                  {
                    "address": [
                      {
                        "external_ipv4_address": [
                          {
                            "address": "158.160.207.251"
                          }
                        ],
                        "external_ipv6_address": [],
                        "internal_ipv4_address": []
                      }
                    ],
                    "ports": [
                      80
                    ]
                  }
                ],
                "http": [
                  {
                    "handler": [
                      {
                        "allow_http10": false,
                        "http2_options": [],
                        "http_router_id": "ds7kfd7id51utbjsc89q",
                        "rewrite_request_id": false
                      }
                    ],
                    "redirects": []
                  }
                ],
                "name": "http",
                "stream": [],
                "tls": []
              }
            ],
            "log_group_id": "",
            "log_options": [],
            "name": "site-alb",
            "network_id": "enptcmqbe4dmprpsuei0",
            "region_id": "",
            "security_group_ids": [],
            "status": "active",
            "timeouts": null
          },
          "sensitive_attributes": [],
          "identity_schema_version": 0,
          "private": "eyJlMmJmYjczMC1lY2FhLTExZTYtOGY4OC0zNDM2M2JjN2M0YzAiOnsiY3JlYXRlIjo2MDAwMDAwMDAwMDAsImRlbGV0ZSI6NjAwMDAwMDAwMDAwLCJ1cGRhdGUiOjYwMDAwMDAwMDAwMH19",
          "dependencies": [
            "yandex_alb_http_router.router",
            "yandex_vpc_gateway.nat_gateway",
            "yandex_vpc_network.net",
            "yandex_vpc_route_table.nat_rt",
            "yandex_vpc_subnet.subnet_a"
          ]
        }
      ]
    },
    {
      "mode": "managed",
      "type": "yandex_alb_target_group",
      "name": "tg",
      "provider": "provider[\"registry.terraform.io/yandex-cloud/yandex\"]",
      "instances": [
        {
          "schema_version": 0,
          "attributes": {
            "created_at": "2026-01-19T08:35:35Z",
            "description": "",
            "folder_id": "b1gopk3po7dltoo59prl",
            "id": "ds7nl4luc2vh8rcrmr9t",
            "labels": {},
            "name": "web-target-group",
            "target": [
              {
                "ip_address": "10.10.1.34",
                "private_ipv4_address": false,
                "subnet_id": "e9bbemoi556t1df0d74u"
              },
              {
                "ip_address": "10.10.2.25",
                "private_ipv4_address": false,
                "subnet_id": "e2ljos27tag7gm30a4su"
              }
            ],
            "timeouts": null
          },
          "sensitive_attributes": [],
          "identity_schema_version": 0,
          "private": "eyJlMmJmYjczMC1lY2FhLTExZTYtOGY4OC0zNDM2M2JjN2M0YzAiOnsiY3JlYXRlIjozMDAwMDAwMDAwMDAsImRlbGV0ZSI6MzAwMDAwMDAwMDAwLCJ1cGRhdGUiOjMwMDAwMDAwMDAwMH19",
          "dependencies": [
            "yandex_compute_instance.web_a",
            "yandex_compute_instance.web_b",
            "yandex_vpc_gateway.nat_gateway",
            "yandex_vpc_network.net",
            "yandex_vpc_route_table.nat_rt",
            "yandex_vpc_subnet.subnet_a",
            "yandex_vpc_subnet.subnet_b"
          ]
        }
      ]
    },
    {
      "mode": "managed",
      "type": "yandex_alb_virtual_host",
      "name": "vh",
      "provider": "provider[\"registry.terraform.io/yandex-cloud/yandex\"]",
      "instances": [
        {
          "schema_version": 0,
          "attributes": {
            "authority": [],
            "http_router_id": "ds7kfd7id51utbjsc89q",
            "id": "ds7kfd7id51utbjsc89q/site-vhost",
            "modify_request_headers": [],
            "modify_response_headers": [],
            "name": "site-vhost",
            "rate_limit": [],
            "route": [
              {
                "disable_security_profile": false,
                "grpc_route": [],
                "http_route": [
                  {
                    "direct_response_action": [],
                    "http_match": [],
                    "http_route_action": [
                      {
                        "auto_host_rewrite": false,
                        "backend_group_id": "ds7tv9eenfsu41p1nt0v",
                        "host_rewrite": "",
                        "idle_timeout": "",
                        "prefix_rewrite": "",
                        "rate_limit": [],
                        "regex_rewrite": [],
                        "timeout": "",
                        "upgrade_types": []
                      }
                    ],
                    "redirect_action": []
                  }
                ],
                "name": "root-route",
                "route_options": []
              }
            ],
            "route_options": [],
            "timeouts": null
          },
          "sensitive_attributes": [],
          "identity_schema_version": 0,
          "private": "eyJlMmJmYjczMC1lY2FhLTExZTYtOGY4OC0zNDM2M2JjN2M0YzAiOnsiY3JlYXRlIjozMDAwMDAwMDAwMDAsImRlbGV0ZSI6MzAwMDAwMDAwMDAwLCJ1cGRhdGUiOjMwMDAwMDAwMDAwMH19",
          "dependencies": [
            "yandex_alb_backend_group.bg",
            "yandex_alb_http_router.router",
            "yandex_alb_target_group.tg",
            "yandex_compute_instance.web_a",
            "yandex_compute_instance.web_b",
            "yandex_vpc_gateway.nat_gateway",
            "yandex_vpc_network.net",
            "yandex_vpc_route_table.nat_rt",
            "yandex_vpc_subnet.subnet_a",
            "yandex_vpc_subnet.subnet_b"
          ]
        }
      ]
    },
    {
      "mode": "managed",
      "type": "yandex_compute_instance",
      "name": "bastion",
      "provider": "provider[\"registry.terraform.io/yandex-cloud/yandex\"]",
      "instances": [
        {
          "schema_version": 1,
          "attributes": {
            "allow_recreate": null,
            "allow_stopping_for_update": null,
            "boot_disk": [
              {
                "auto_delete": true,
                "device_name": "fhmk3mfhe29ajv97bfeo",
                "disk_id": "fhmk3mfhe29ajv97bfeo",
                "initialize_params": [
                  {
                    "block_size": 4096,
                    "description": "",
                    "image_id": "fd86fe1acea2ng8lf4l1",
                    "kms_key_id": "",
                    "name": "",
                    "size": 10,
                    "snapshot_id": "",
                    "type": "network-hdd"
                  }
                ],
                "mode": "READ_WRITE"
              }
            ],
            "created_at": "2026-01-20T17:34:36Z",
            "description": "",
            "filesystem": [],
            "folder_id": "b1gopk3po7dltoo59prl",
            "fqdn": "bastion.ru-central1.internal",
            "gpu_cluster_id": "",
            "hardware_generation": [
              {
                "generation2_features": [],
                "legacy_features": [
                  {
                    "pci_topology": "PCI_TOPOLOGY_V2"
                  }
                ]
              }
            ],
            "hostname": "bastion",
            "id": "fhmqueou6nq2ohkqmkf0",
            "labels": {},
            "local_disk": [],
            "maintenance_grace_period": "",
            "maintenance_policy": null,
            "metadata": {
              "ssh-keys": "ubuntu:ssh-rsa AAAAB3NzaC1yc2EAAAADAQABAAACAQCW9oVkG64QAfDJzLOkpOrIhfm1yJTP+BF16aNTn8szyDy0anBJQ0WTfiuF9kmaxDeMRqUHxlVHPvWGh+B92ZQt+saPEAzY8q214kanhZkkLOnZI2gsshOlI9urBo1hR2bH9JzusPIFQFoia2q33hCLLrku73o3yOvsGNG4xkeq7pGIh1FdBErdrRLb+JphyQ3yhr02Fjpd15a4BSUf9phs8QJo5pICPN7IKX02rjsX8OPUSmdEBKnJyLB+IiKUkYjtVZv+iu1IrfrqJXkJ2gDFfRhhJqfUl08c+pM8VBiB5dhvygLeDBcV7RQtnIzATjTEH/flTQNkWJdJoQH8BamH8gKfcRXMGRXaTK+ET+npjwn2PpCjml3Pgi1/2xQLLcaJ4LYsbsgKVD9KOBNyWsroAzABkioXEA8PMwpX7aRK2P/tgvsaYz9Rz1KmjlpDcXdqKpRAIVYQZG7OGRDq0uN4VE63uZuWo8cbdCR7Qjs3nXpDNom1nyLI6MhxNAF9URfIsFEl/ZvciY0APD8d9kqg+qjG6NKcLHFGy7qvG3o5yugsAvE7fbKKklQfkmEj6QiEYkoSm6EkZlu5UUz1gkrZYGO6krWN59/J7uEadI56QFLbzT0J+VFG+d5hzHL/TzCbrfozDF43LwJHrpY/Sd07EMwK/XFAC5cmtfNrhobQWQ== user7213@smollpc\n"
            },
            "metadata_options": [
              {
                "aws_v1_http_endpoint": 1,
                "aws_v1_http_token": 2,
                "gce_http_endpoint": 1,
                "gce_http_token": 1
              }
            ],
            "name": "bastion",
            "network_acceleration_type": "standard",
            "network_interface": [
              {
                "dns_record": [],
                "index": 0,
                "ip_address": "10.10.1.19",
                "ipv4": true,
                "ipv6": false,
                "ipv6_address": "",
                "ipv6_dns_record": [],
                "mac_address": "d0:0d:1a:f3:b1:e3",
                "nat": true,
                "nat_dns_record": [],
                "nat_ip_address": "158.160.44.39",
                "nat_ip_version": "IPV4",
                "security_group_ids": [],
                "subnet_id": "e9bbemoi556t1df0d74u"
              }
            ],
            "placement_policy": [
              {
                "host_affinity_rules": [],
                "placement_group_id": "",
                "placement_group_partition": 0
              }
            ],
            "platform_id": "standard-v1",
            "resources": [
              {
                "core_fraction": 20,
                "cores": 2,
                "gpus": 0,
                "memory": 2
              }
            ],
            "scheduling_policy": [
              {
                "preemptible": true
              }
            ],
            "secondary_disk": [],
            "service_account_id": "",
            "status": "running",
            "timeouts": null,
            "zone": "ru-central1-a"
          },
          "sensitive_attributes": [],
          "identity_schema_version": 0,
          "private": "eyJlMmJmYjczMC1lY2FhLTExZTYtOGY4OC0zNDM2M2JjN2M0YzAiOnsiY3JlYXRlIjozMDAwMDAwMDAwMDAsImRlbGV0ZSI6MzAwMDAwMDAwMDAwLCJ1cGRhdGUiOjMwMDAwMDAwMDAwMH0sInNjaGVtYV92ZXJzaW9uIjoiMSJ9",
          "dependencies": [
            "yandex_vpc_gateway.nat_gateway",
            "yandex_vpc_network.net",
            "yandex_vpc_route_table.nat_rt",
            "yandex_vpc_subnet.subnet_a"
          ]
        }
      ]
    },
    {
      "mode": "managed",
      "type": "yandex_compute_instance",
      "name": "elasticsearch",
      "provider": "provider[\"registry.terraform.io/yandex-cloud/yandex\"]",
      "instances": [
        {
          "schema_version": 1,
          "attributes": {
            "allow_recreate": null,
            "allow_stopping_for_update": null,
            "boot_disk": [
              {
                "auto_delete": true,
                "device_name": "fhmvvivb981vhuvc4uh7",
                "disk_id": "fhmvvivb981vhuvc4uh7",
                "initialize_params": [
                  {
                    "block_size": 4096,
                    "description": "",
                    "image_id": "fd86fe1acea2ng8lf4l1",
                    "kms_key_id": "",
                    "name": "",
                    "size": 50,
                    "snapshot_id": "",
                    "type": "network-hdd"
                  }
                ],
                "mode": "READ_WRITE"
              }
            ],
            "created_at": "2026-02-01T09:53:50Z",
            "description": "",
            "filesystem": [],
            "folder_id": "b1gopk3po7dltoo59prl",
            "fqdn": "elasticsearch.ru-central1.internal",
            "gpu_cluster_id": "",
            "hardware_generation": [
              {
                "generation2_features": [],
                "legacy_features": [
                  {
                    "pci_topology": "PCI_TOPOLOGY_V2"
                  }
                ]
              }
            ],
            "hostname": "elasticsearch",
            "id": "fhm80ph7k6cknm1rth3v",
            "labels": null,
            "local_disk": [],
            "maintenance_grace_period": "",
            "maintenance_policy": null,
            "metadata": {
              "ssh-keys": "ubuntu:ssh-rsa AAAAB3NzaC1yc2EAAAADAQABAAACAQCW9oVkG64QAfDJzLOkpOrIhfm1yJTP+BF16aNTn8szyDy0anBJQ0WTfiuF9kmaxDeMRqUHxlVHPvWGh+B92ZQt+saPEAzY8q214kanhZkkLOnZI2gsshOlI9urBo1hR2bH9JzusPIFQFoia2q33hCLLrku73o3yOvsGNG4xkeq7pGIh1FdBErdrRLb+JphyQ3yhr02Fjpd15a4BSUf9phs8QJo5pICPN7IKX02rjsX8OPUSmdEBKnJyLB+IiKUkYjtVZv+iu1IrfrqJXkJ2gDFfRhhJqfUl08c+pM8VBiB5dhvygLeDBcV7RQtnIzATjTEH/flTQNkWJdJoQH8BamH8gKfcRXMGRXaTK+ET+npjwn2PpCjml3Pgi1/2xQLLcaJ4LYsbsgKVD9KOBNyWsroAzABkioXEA8PMwpX7aRK2P/tgvsaYz9Rz1KmjlpDcXdqKpRAIVYQZG7OGRDq0uN4VE63uZuWo8cbdCR7Qjs3nXpDNom1nyLI6MhxNAF9URfIsFEl/ZvciY0APD8d9kqg+qjG6NKcLHFGy7qvG3o5yugsAvE7fbKKklQfkmEj6QiEYkoSm6EkZlu5UUz1gkrZYGO6krWN59/J7uEadI56QFLbzT0J+VFG+d5hzHL/TzCbrfozDF43LwJHrpY/Sd07EMwK/XFAC5cmtfNrhobQWQ== user7213@smollpc\n"
            },
            "metadata_options": [
              {
                "aws_v1_http_endpoint": 1,
                "aws_v1_http_token": 2,
                "gce_http_endpoint": 1,
                "gce_http_token": 1
              }
            ],
            "name": "elasticsearch",
            "network_acceleration_type": "standard",
            "network_interface": [
              {
                "dns_record": [],
                "index": 0,
                "ip_address": "10.10.1.5",
                "ipv4": true,
                "ipv6": false,
                "ipv6_address": "",
                "ipv6_dns_record": [],
                "mac_address": "d0:0d:80:66:27:a1",
                "nat": true,
                "nat_dns_record": [],
                "nat_ip_address": "130.193.39.67",
                "nat_ip_version": "IPV4",
                "security_group_ids": null,
                "subnet_id": "e9bbemoi556t1df0d74u"
              }
            ],
            "placement_policy": [
              {
                "host_affinity_rules": [],
                "placement_group_id": "",
                "placement_group_partition": 0
              }
            ],
            "platform_id": "standard-v1",
            "resources": [
              {
                "core_fraction": 100,
                "cores": 4,
                "gpus": 0,
                "memory": 8
              }
            ],
            "scheduling_policy": [
              {
                "preemptible": false
              }
            ],
            "secondary_disk": [],
            "service_account_id": "",
            "status": "running",
            "timeouts": null,
            "zone": "ru-central1-a"
          },
          "sensitive_attributes": [],
          "identity_schema_version": 0,
          "private": "eyJlMmJmYjczMC1lY2FhLTExZTYtOGY4OC0zNDM2M2JjN2M0YzAiOnsiY3JlYXRlIjozMDAwMDAwMDAwMDAsImRlbGV0ZSI6MzAwMDAwMDAwMDAwLCJ1cGRhdGUiOjMwMDAwMDAwMDAwMH0sInNjaGVtYV92ZXJzaW9uIjoiMSJ9",
          "dependencies": [
            "yandex_vpc_gateway.nat_gateway",
            "yandex_vpc_network.net",
            "yandex_vpc_route_table.nat_rt",
            "yandex_vpc_subnet.subnet_a"
          ]
        }
      ]
    },
    {
      "mode": "managed",
      "type": "yandex_compute_instance",
      "name": "kibana",
      "provider": "provider[\"registry.terraform.io/yandex-cloud/yandex\"]",
      "instances": [
        {
          "schema_version": 1,
          "attributes": {
            "allow_recreate": null,
            "allow_stopping_for_update": null,
            "boot_disk": [
              {
                "auto_delete": true,
                "device_name": "fhm87cglemrdbdfcu6sf",
                "disk_id": "fhm87cglemrdbdfcu6sf",
                "initialize_params": [
                  {
                    "block_size": 4096,
                    "description": "",
                    "image_id": "fd86fe1acea2ng8lf4l1",
                    "kms_key_id": "",
                    "name": "",
                    "size": 20,
                    "snapshot_id": "",
                    "type": "network-hdd"
                  }
                ],
                "mode": "READ_WRITE"
              }
            ],
            "created_at": "2026-02-01T09:53:50Z",
            "description": "",
            "filesystem": [],
            "folder_id": "b1gopk3po7dltoo59prl",
            "fqdn": "kibana.ru-central1.internal",
            "gpu_cluster_id": "",
            "hardware_generation": [
              {
                "generation2_features": [],
                "legacy_features": [
                  {
                    "pci_topology": "PCI_TOPOLOGY_V2"
                  }
                ]
              }
            ],
            "hostname": "kibana",
            "id": "fhmb9teoknkehhiob743",
            "labels": null,
            "local_disk": [],
            "maintenance_grace_period": "",
            "maintenance_policy": null,
            "metadata": {
              "ssh-keys": "ubuntu:ssh-rsa AAAAB3NzaC1yc2EAAAADAQABAAACAQCW9oVkG64QAfDJzLOkpOrIhfm1yJTP+BF16aNTn8szyDy0anBJQ0WTfiuF9kmaxDeMRqUHxlVHPvWGh+B92ZQt+saPEAzY8q214kanhZkkLOnZI2gsshOlI9urBo1hR2bH9JzusPIFQFoia2q33hCLLrku73o3yOvsGNG4xkeq7pGIh1FdBErdrRLb+JphyQ3yhr02Fjpd15a4BSUf9phs8QJo5pICPN7IKX02rjsX8OPUSmdEBKnJyLB+IiKUkYjtVZv+iu1IrfrqJXkJ2gDFfRhhJqfUl08c+pM8VBiB5dhvygLeDBcV7RQtnIzATjTEH/flTQNkWJdJoQH8BamH8gKfcRXMGRXaTK+ET+npjwn2PpCjml3Pgi1/2xQLLcaJ4LYsbsgKVD9KOBNyWsroAzABkioXEA8PMwpX7aRK2P/tgvsaYz9Rz1KmjlpDcXdqKpRAIVYQZG7OGRDq0uN4VE63uZuWo8cbdCR7Qjs3nXpDNom1nyLI6MhxNAF9URfIsFEl/ZvciY0APD8d9kqg+qjG6NKcLHFGy7qvG3o5yugsAvE7fbKKklQfkmEj6QiEYkoSm6EkZlu5UUz1gkrZYGO6krWN59/J7uEadI56QFLbzT0J+VFG+d5hzHL/TzCbrfozDF43LwJHrpY/Sd07EMwK/XFAC5cmtfNrhobQWQ== user7213@smollpc\n"
            },
            "metadata_options": [
              {
                "aws_v1_http_endpoint": 1,
                "aws_v1_http_token": 2,
                "gce_http_endpoint": 1,
                "gce_http_token": 1
              }
            ],
            "name": "kibana",
            "network_acceleration_type": "standard",
            "network_interface": [
              {
                "dns_record": [],
                "index": 0,
                "ip_address": "10.10.1.30",
                "ipv4": true,
                "ipv6": false,
                "ipv6_address": "",
                "ipv6_dns_record": [],
                "mac_address": "d0:0d:b4:f5:d8:a5",
                "nat": true,
                "nat_dns_record": [],
                "nat_ip_address": "158.160.39.12",
                "nat_ip_version": "IPV4",
                "security_group_ids": null,
                "subnet_id": "e9bbemoi556t1df0d74u"
              }
            ],
            "placement_policy": [
              {
                "host_affinity_rules": [],
                "placement_group_id": "",
                "placement_group_partition": 0
              }
            ],
            "platform_id": "standard-v1",
            "resources": [
              {
                "core_fraction": 100,
                "cores": 2,
                "gpus": 0,
                "memory": 4
              }
            ],
            "scheduling_policy": [
              {
                "preemptible": false
              }
            ],
            "secondary_disk": [],
            "service_account_id": "",
            "status": "running",
            "timeouts": null,
            "zone": "ru-central1-a"
          },
          "sensitive_attributes": [],
          "identity_schema_version": 0,
          "private": "eyJlMmJmYjczMC1lY2FhLTExZTYtOGY4OC0zNDM2M2JjN2M0YzAiOnsiY3JlYXRlIjozMDAwMDAwMDAwMDAsImRlbGV0ZSI6MzAwMDAwMDAwMDAwLCJ1cGRhdGUiOjMwMDAwMDAwMDAwMH0sInNjaGVtYV92ZXJzaW9uIjoiMSJ9",
          "dependencies": [
            "yandex_vpc_gateway.nat_gateway",
            "yandex_vpc_network.net",
            "yandex_vpc_route_table.nat_rt",
            "yandex_vpc_subnet.subnet_a"
          ]
        }
      ]
    },
    {
      "mode": "managed",
      "type": "yandex_compute_instance",
      "name": "web_a",
      "provider": "provider[\"registry.terraform.io/yandex-cloud/yandex\"]",
      "instances": [
        {
          "schema_version": 1,
          "attributes": {
            "allow_recreate": null,
            "allow_stopping_for_update": null,
            "boot_disk": [
              {
                "auto_delete": true,
                "device_name": "fhmom90cieou3e44m47u",
                "disk_id": "fhmom90cieou3e44m47u",
                "initialize_params": [
                  {
                    "block_size": 4096,
                    "description": "",
                    "image_id": "fd86fe1acea2ng8lf4l1",
                    "kms_key_id": "",
                    "name": "",
                    "size": 10,
                    "snapshot_id": "",
                    "type": "network-hdd"
                  }
                ],
                "mode": "READ_WRITE"
              }
            ],
            "created_at": "2026-01-20T17:34:42Z",
            "description": "",
            "filesystem": [],
            "folder_id": "b1gopk3po7dltoo59prl",
            "fqdn": "web-a.ru-central1.internal",
            "gpu_cluster_id": "",
            "hardware_generation": [
              {
                "generation2_features": [],
                "legacy_features": [
                  {
                    "pci_topology": "PCI_TOPOLOGY_V2"
                  }
                ]
              }
            ],
            "hostname": "web-a",
            "id": "fhm8i4142vetsa5ms2ib",
            "labels": {},
            "local_disk": [],
            "maintenance_grace_period": "",
            "maintenance_policy": null,
            "metadata": {
              "ssh-keys": "ubuntu:ssh-rsa AAAAB3NzaC1yc2EAAAADAQABAAACAQCW9oVkG64QAfDJzLOkpOrIhfm1yJTP+BF16aNTn8szyDy0anBJQ0WTfiuF9kmaxDeMRqUHxlVHPvWGh+B92ZQt+saPEAzY8q214kanhZkkLOnZI2gsshOlI9urBo1hR2bH9JzusPIFQFoia2q33hCLLrku73o3yOvsGNG4xkeq7pGIh1FdBErdrRLb+JphyQ3yhr02Fjpd15a4BSUf9phs8QJo5pICPN7IKX02rjsX8OPUSmdEBKnJyLB+IiKUkYjtVZv+iu1IrfrqJXkJ2gDFfRhhJqfUl08c+pM8VBiB5dhvygLeDBcV7RQtnIzATjTEH/flTQNkWJdJoQH8BamH8gKfcRXMGRXaTK+ET+npjwn2PpCjml3Pgi1/2xQLLcaJ4LYsbsgKVD9KOBNyWsroAzABkioXEA8PMwpX7aRK2P/tgvsaYz9Rz1KmjlpDcXdqKpRAIVYQZG7OGRDq0uN4VE63uZuWo8cbdCR7Qjs3nXpDNom1nyLI6MhxNAF9URfIsFEl/ZvciY0APD8d9kqg+qjG6NKcLHFGy7qvG3o5yugsAvE7fbKKklQfkmEj6QiEYkoSm6EkZlu5UUz1gkrZYGO6krWN59/J7uEadI56QFLbzT0J+VFG+d5hzHL/TzCbrfozDF43LwJHrpY/Sd07EMwK/XFAC5cmtfNrhobQWQ== user7213@smollpc\n"
            },
            "metadata_options": [
              {
                "aws_v1_http_endpoint": 1,
                "aws_v1_http_token": 2,
                "gce_http_endpoint": 1,
                "gce_http_token": 1
              }
            ],
            "name": "web-a",
            "network_acceleration_type": "standard",
            "network_interface": [
              {
                "dns_record": [],
                "index": 0,
                "ip_address": "10.10.1.34",
                "ipv4": true,
                "ipv6": false,
                "ipv6_address": "",
                "ipv6_dns_record": [],
                "mac_address": "d0:0d:89:10:24:17",
                "nat": false,
                "nat_dns_record": [],
                "nat_ip_address": "",
                "nat_ip_version": "",
                "security_group_ids": [],
                "subnet_id": "e9bbemoi556t1df0d74u"
              }
            ],
            "placement_policy": [
              {
                "host_affinity_rules": [],
                "placement_group_id": "",
                "placement_group_partition": 0
              }
            ],
            "platform_id": "standard-v1",
            "resources": [
              {
                "core_fraction": 20,
                "cores": 2,
                "gpus": 0,
                "memory": 2
              }
            ],
            "scheduling_policy": [
              {
                "preemptible": true
              }
            ],
            "secondary_disk": [],
            "service_account_id": "",
            "status": "running",
            "timeouts": null,
            "zone": "ru-central1-a"
          },
          "sensitive_attributes": [],
          "identity_schema_version": 0,
          "private": "eyJlMmJmYjczMC1lY2FhLTExZTYtOGY4OC0zNDM2M2JjN2M0YzAiOnsiY3JlYXRlIjozMDAwMDAwMDAwMDAsImRlbGV0ZSI6MzAwMDAwMDAwMDAwLCJ1cGRhdGUiOjMwMDAwMDAwMDAwMH0sInNjaGVtYV92ZXJzaW9uIjoiMSJ9",
          "dependencies": [
            "yandex_vpc_gateway.nat_gateway",
            "yandex_vpc_network.net",
            "yandex_vpc_route_table.nat_rt",
            "yandex_vpc_subnet.subnet_a"
          ]
        }
      ]
    },
    {
      "mode": "managed",
      "type": "yandex_compute_instance",
      "name": "web_b",
      "provider": "provider[\"registry.terraform.io/yandex-cloud/yandex\"]",
      "instances": [
        {
          "schema_version": 1,
          "attributes": {
            "allow_recreate": null,
            "allow_stopping_for_update": null,
            "boot_disk": [
              {
                "auto_delete": true,
                "device_name": "epddisff8179u91016g8",
                "disk_id": "epddisff8179u91016g8",
                "initialize_params": [
                  {
                    "block_size": 4096,
                    "description": "",
                    "image_id": "fd86fe1acea2ng8lf4l1",
                    "kms_key_id": "",
                    "name": "",
                    "size": 10,
                    "snapshot_id": "",
                    "type": "network-hdd"
                  }
                ],
                "mode": "READ_WRITE"
              }
            ],
            "created_at": "2026-01-20T17:34:39Z",
            "description": "",
            "filesystem": [],
            "folder_id": "b1gopk3po7dltoo59prl",
            "fqdn": "web-b.ru-central1.internal",
            "gpu_cluster_id": "",
            "hardware_generation": [
              {
                "generation2_features": [],
                "legacy_features": [
                  {
                    "pci_topology": "PCI_TOPOLOGY_V2"
                  }
                ]
              }
            ],
            "hostname": "web-b",
            "id": "epdlji1m60u6j2v4gpft",
            "labels": {},
            "local_disk": [],
            "maintenance_grace_period": "",
            "maintenance_policy": null,
            "metadata": {
              "ssh-keys": "ubuntu:ssh-rsa AAAAB3NzaC1yc2EAAAADAQABAAACAQCW9oVkG64QAfDJzLOkpOrIhfm1yJTP+BF16aNTn8szyDy0anBJQ0WTfiuF9kmaxDeMRqUHxlVHPvWGh+B92ZQt+saPEAzY8q214kanhZkkLOnZI2gsshOlI9urBo1hR2bH9JzusPIFQFoia2q33hCLLrku73o3yOvsGNG4xkeq7pGIh1FdBErdrRLb+JphyQ3yhr02Fjpd15a4BSUf9phs8QJo5pICPN7IKX02rjsX8OPUSmdEBKnJyLB+IiKUkYjtVZv+iu1IrfrqJXkJ2gDFfRhhJqfUl08c+pM8VBiB5dhvygLeDBcV7RQtnIzATjTEH/flTQNkWJdJoQH8BamH8gKfcRXMGRXaTK+ET+npjwn2PpCjml3Pgi1/2xQLLcaJ4LYsbsgKVD9KOBNyWsroAzABkioXEA8PMwpX7aRK2P/tgvsaYz9Rz1KmjlpDcXdqKpRAIVYQZG7OGRDq0uN4VE63uZuWo8cbdCR7Qjs3nXpDNom1nyLI6MhxNAF9URfIsFEl/ZvciY0APD8d9kqg+qjG6NKcLHFGy7qvG3o5yugsAvE7fbKKklQfkmEj6QiEYkoSm6EkZlu5UUz1gkrZYGO6krWN59/J7uEadI56QFLbzT0J+VFG+d5hzHL/TzCbrfozDF43LwJHrpY/Sd07EMwK/XFAC5cmtfNrhobQWQ== user7213@smollpc\n"
            },
            "metadata_options": [
              {
                "aws_v1_http_endpoint": 1,
                "aws_v1_http_token": 2,
                "gce_http_endpoint": 1,
                "gce_http_token": 1
              }
            ],
            "name": "web-b",
            "network_acceleration_type": "standard",
            "network_interface": [
              {
                "dns_record": [],
                "index": 0,
                "ip_address": "10.10.2.25",
                "ipv4": true,
                "ipv6": false,
                "ipv6_address": "",
                "ipv6_dns_record": [],
                "mac_address": "d0:0d:15:9c:83:63",
                "nat": false,
                "nat_dns_record": [],
                "nat_ip_address": "",
                "nat_ip_version": "",
                "security_group_ids": [],
                "subnet_id": "e2ljos27tag7gm30a4su"
              }
            ],
            "placement_policy": [
              {
                "host_affinity_rules": [],
                "placement_group_id": "",
                "placement_group_partition": 0
              }
            ],
            "platform_id": "standard-v1",
            "resources": [
              {
                "core_fraction": 20,
                "cores": 2,
                "gpus": 0,
                "memory": 2
              }
            ],
            "scheduling_policy": [
              {
                "preemptible": true
              }
            ],
            "secondary_disk": [],
            "service_account_id": "",
            "status": "running",
            "timeouts": null,
            "zone": "ru-central1-b"
          },
          "sensitive_attributes": [],
          "identity_schema_version": 0,
          "private": "eyJlMmJmYjczMC1lY2FhLTExZTYtOGY4OC0zNDM2M2JjN2M0YzAiOnsiY3JlYXRlIjozMDAwMDAwMDAwMDAsImRlbGV0ZSI6MzAwMDAwMDAwMDAwLCJ1cGRhdGUiOjMwMDAwMDAwMDAwMH0sInNjaGVtYV92ZXJzaW9uIjoiMSJ9",
          "dependencies": [
            "yandex_vpc_gateway.nat_gateway",
            "yandex_vpc_network.net",
            "yandex_vpc_route_table.nat_rt",
            "yandex_vpc_subnet.subnet_b"
          ]
        }
      ]
    },
    {
      "mode": "managed",
      "type": "yandex_compute_instance",
      "name": "zabbix",
      "provider": "provider[\"registry.terraform.io/yandex-cloud/yandex\"]",
      "instances": [
        {
          "schema_version": 1,
          "attributes": {
            "allow_recreate": null,
            "allow_stopping_for_update": true,
            "boot_disk": [
              {
                "auto_delete": true,
                "device_name": "fhm1nvos6hip1em52ifr",
                "disk_id": "fhm1nvos6hip1em52ifr",
                "initialize_params": [
                  {
                    "block_size": 4096,
                    "description": "",
                    "image_id": "fd86fe1acea2ng8lf4l1",
                    "kms_key_id": "",
                    "name": "",
                    "size": 10,
                    "snapshot_id": "",
                    "type": "network-hdd"
                  }
                ],
                "mode": "READ_WRITE"
              }
            ],
            "created_at": "2026-01-20T17:11:38Z",
            "description": "",
            "filesystem": [],
            "folder_id": "b1gopk3po7dltoo59prl",
            "fqdn": "zabbix.ru-central1.internal",
            "gpu_cluster_id": "",
            "hardware_generation": [
              {
                "generation2_features": [],
                "legacy_features": [
                  {
                    "pci_topology": "PCI_TOPOLOGY_V2"
                  }
                ]
              }
            ],
            "hostname": "zabbix",
            "id": "fhml3a5gang29g73lr1e",
            "labels": {},
            "local_disk": [],
            "maintenance_grace_period": "",
            "maintenance_policy": null,
            "metadata": {
              "ssh-keys": "ubuntu:ssh-rsa AAAAB3NzaC1yc2EAAAADAQABAAACAQCW9oVkG64QAfDJzLOkpOrIhfm1yJTP+BF16aNTn8szyDy0anBJQ0WTfiuF9kmaxDeMRqUHxlVHPvWGh+B92ZQt+saPEAzY8q214kanhZkkLOnZI2gsshOlI9urBo1hR2bH9JzusPIFQFoia2q33hCLLrku73o3yOvsGNG4xkeq7pGIh1FdBErdrRLb+JphyQ3yhr02Fjpd15a4BSUf9phs8QJo5pICPN7IKX02rjsX8OPUSmdEBKnJyLB+IiKUkYjtVZv+iu1IrfrqJXkJ2gDFfRhhJqfUl08c+pM8VBiB5dhvygLeDBcV7RQtnIzATjTEH/flTQNkWJdJoQH8BamH8gKfcRXMGRXaTK+ET+npjwn2PpCjml3Pgi1/2xQLLcaJ4LYsbsgKVD9KOBNyWsroAzABkioXEA8PMwpX7aRK2P/tgvsaYz9Rz1KmjlpDcXdqKpRAIVYQZG7OGRDq0uN4VE63uZuWo8cbdCR7Qjs3nXpDNom1nyLI6MhxNAF9URfIsFEl/ZvciY0APD8d9kqg+qjG6NKcLHFGy7qvG3o5yugsAvE7fbKKklQfkmEj6QiEYkoSm6EkZlu5UUz1gkrZYGO6krWN59/J7uEadI56QFLbzT0J+VFG+d5hzHL/TzCbrfozDF43LwJHrpY/Sd07EMwK/XFAC5cmtfNrhobQWQ== user7213@smollpc\n"
            },
            "metadata_options": [
              {
                "aws_v1_http_endpoint": 1,
                "aws_v1_http_token": 2,
                "gce_http_endpoint": 1,
                "gce_http_token": 1
              }
            ],
            "name": "zabbix",
            "network_acceleration_type": "standard",
            "network_interface": [
              {
                "dns_record": [],
                "index": 0,
                "ip_address": "10.10.1.35",
                "ipv4": true,
                "ipv6": false,
                "ipv6_address": "",
                "ipv6_dns_record": [],
                "mac_address": "d0:0d:15:1a:8b:05",
                "nat": true,
                "nat_dns_record": [],
                "nat_ip_address": "89.169.154.203",
                "nat_ip_version": "IPV4",
                "security_group_ids": [],
                "subnet_id": "e9bbemoi556t1df0d74u"
              }
            ],
            "placement_policy": [
              {
                "host_affinity_rules": [],
                "placement_group_id": "",
                "placement_group_partition": 0
              }
            ],
            "platform_id": "standard-v1",
            "resources": [
              {
                "core_fraction": 20,
                "cores": 2,
                "gpus": 0,
                "memory": 2
              }
            ],
            "scheduling_policy": [
              {
                "preemptible": true
              }
            ],
            "secondary_disk": [],
            "service_account_id": "",
            "status": "running",
            "timeouts": null,
            "zone": "ru-central1-a"
          },
          "sensitive_attributes": [],
          "identity_schema_version": 0,
          "private": "eyJlMmJmYjczMC1lY2FhLTExZTYtOGY4OC0zNDM2M2JjN2M0YzAiOnsiY3JlYXRlIjozMDAwMDAwMDAwMDAsImRlbGV0ZSI6MzAwMDAwMDAwMDAwLCJ1cGRhdGUiOjMwMDAwMDAwMDAwMH0sInNjaGVtYV92ZXJzaW9uIjoiMSJ9",
          "dependencies": [
            "yandex_vpc_gateway.nat_gateway",
            "yandex_vpc_network.net",
            "yandex_vpc_route_table.nat_rt",
            "yandex_vpc_subnet.subnet_a"
          ]
        }
      ]
    },
    {
      "mode": "managed",
      "type": "yandex_vpc_gateway",
      "name": "nat_gateway",
      "provider": "provider[\"registry.terraform.io/yandex-cloud/yandex\"]",
      "instances": [
        {
          "schema_version": 0,
          "attributes": {
            "created_at": "2026-01-19T08:31:01Z",
            "description": "",
            "folder_id": "b1gopk3po7dltoo59prl",
            "id": "enpkq1ao977gf0ellkea",
            "labels": {},
            "name": "nat-gateway",
            "shared_egress_gateway": [
              {}
            ],
            "timeouts": null
          },
          "sensitive_attributes": [],
          "identity_schema_version": 0,
          "private": "eyJlMmJmYjczMC1lY2FhLTExZTYtOGY4OC0zNDM2M2JjN2M0YzAiOnsiY3JlYXRlIjo2MDAwMDAwMDAwMCwiZGVsZXRlIjo2MDAwMDAwMDAwMCwidXBkYXRlIjo2MDAwMDAwMDAwMH19"
        }
      ]
    },
    {
      "mode": "managed",
      "type": "yandex_vpc_network",
      "name": "net",
      "provider": "provider[\"registry.terraform.io/yandex-cloud/yandex\"]",
      "instances": [
        {
          "schema_version": 0,
          "attributes": {
            "created_at": "2026-01-19T08:31:01Z",
            "default_security_group_id": "enp5koasj72fud0c4v4f",
            "description": "",
            "folder_id": "b1gopk3po7dltoo59prl",
            "id": "enptcmqbe4dmprpsuei0",
            "labels": {},
            "name": "site-network",
            "subnet_ids": [
              "e2ljos27tag7gm30a4su",
              "e9bbemoi556t1df0d74u"
            ],
            "timeouts": null
          },
          "sensitive_attributes": [],
          "identity_schema_version": 0,
          "private": "eyJlMmJmYjczMC1lY2FhLTExZTYtOGY4OC0zNDM2M2JjN2M0YzAiOnsiY3JlYXRlIjo2MDAwMDAwMDAwMCwiZGVsZXRlIjo2MDAwMDAwMDAwMCwidXBkYXRlIjo2MDAwMDAwMDAwMH19"
        }
      ]
    },
    {
      "mode": "managed",
      "type": "yandex_vpc_route_table",
      "name": "nat_rt",
      "provider": "provider[\"registry.terraform.io/yandex-cloud/yandex\"]",
      "instances": [
        {
          "schema_version": 0,
          "attributes": {
            "created_at": "2026-01-19T08:31:04Z",
            "description": "",
            "folder_id": "b1gopk3po7dltoo59prl",
            "id": "enp92af72nalb2ud52f9",
            "labels": {},
            "name": "nat-route-table",
            "network_id": "enptcmqbe4dmprpsuei0",
            "static_route": [
              {
                "destination_prefix": "0.0.0.0/0",
                "gateway_id": "enpkq1ao977gf0ellkea",
                "next_hop_address": ""
              }
            ],
            "timeouts": null
          },
          "sensitive_attributes": [],
          "identity_schema_version": 0,
          "private": "eyJlMmJmYjczMC1lY2FhLTExZTYtOGY4OC0zNDM2M2JjN2M0YzAiOnsiY3JlYXRlIjoxODAwMDAwMDAwMDAsImRlbGV0ZSI6MTgwMDAwMDAwMDAwLCJ1cGRhdGUiOjE4MDAwMDAwMDAwMH19",
          "dependencies": [
            "yandex_vpc_gateway.nat_gateway",
            "yandex_vpc_network.net"
          ]
        }
      ]
    },
    {
      "mode": "managed",
      "type": "yandex_vpc_subnet",
      "name": "subnet_a",
      "provider": "provider[\"registry.terraform.io/yandex-cloud/yandex\"]",
      "instances": [
        {
          "schema_version": 0,
          "attributes": {
            "created_at": "2026-01-19T08:31:05Z",
            "description": "",
            "dhcp_options": [],
            "folder_id": "b1gopk3po7dltoo59prl",
            "id": "e9bbemoi556t1df0d74u",
            "labels": {},
            "name": "subnet-a",
            "network_id": "enptcmqbe4dmprpsuei0",
            "route_table_id": "enp92af72nalb2ud52f9",
            "timeouts": null,
            "v4_cidr_blocks": [
              "10.10.1.0/24"
            ],
            "v6_cidr_blocks": [],
            "zone": "ru-central1-a"
          },
          "sensitive_attributes": [],
          "identity_schema_version": 0,
          "private": "eyJlMmJmYjczMC1lY2FhLTExZTYtOGY4OC0zNDM2M2JjN2M0YzAiOnsiY3JlYXRlIjoxODAwMDAwMDAwMDAsImRlbGV0ZSI6MTgwMDAwMDAwMDAwLCJ1cGRhdGUiOjE4MDAwMDAwMDAwMH19",
          "dependencies": [
            "yandex_vpc_gateway.nat_gateway",
            "yandex_vpc_network.net",
            "yandex_vpc_route_table.nat_rt"
          ]
        }
      ]
    },
    {
      "mode": "managed",
      "type": "yandex_vpc_subnet",
      "name": "subnet_b",
      "provider": "provider[\"registry.terraform.io/yandex-cloud/yandex\"]",
      "instances": [
        {
          "schema_version": 0,
          "attributes": {
            "created_at": "2026-01-19T08:31:06Z",
            "description": "",
            "dhcp_options": [],
            "folder_id": "b1gopk3po7dltoo59prl",
            "id": "e2ljos27tag7gm30a4su",
            "labels": {},
            "name": "subnet-b",
            "network_id": "enptcmqbe4dmprpsuei0",
            "route_table_id": "enp92af72nalb2ud52f9",
            "timeouts": null,
            "v4_cidr_blocks": [
              "10.10.2.0/24"
            ],
            "v6_cidr_blocks": [],
            "zone": "ru-central1-b"
          },
          "sensitive_attributes": [],
          "identity_schema_version": 0,
          "private": "eyJlMmJmYjczMC1lY2FhLTExZTYtOGY4OC0zNDM2M2JjN2M0YzAiOnsiY3JlYXRlIjoxODAwMDAwMDAwMDAsImRlbGV0ZSI6MTgwMDAwMDAwMDAwLCJ1cGRhdGUiOjE4MDAwMDAwMDAwMH19",
          "dependencies": [
            "yandex_vpc_gateway.nat_gateway",
            "yandex_vpc_network.net",
            "yandex_vpc_route_table.nat_rt"
          ]
        }
      ]
    }
  ],
  "check_results": null
}
